// !$*UTF8*$!
{
	archiveVersion = 1;
	classes = {
	};
	objectVersion = 46;
	objects = {

/* Begin PBXBuildFile section */
		EF1595A21F24FED100216321 /* AppDelegate.swift in Sources */ = {isa = PBXBuildFile; fileRef = EF1595A11F24FED100216321 /* AppDelegate.swift */; };
		EF1595A41F24FED100216321 /* ViewController.swift in Sources */ = {isa = PBXBuildFile; fileRef = EF1595A31F24FED100216321 /* ViewController.swift */; };
		EF1595A71F24FED100216321 /* Main.storyboard in Resources */ = {isa = PBXBuildFile; fileRef = EF1595A51F24FED100216321 /* Main.storyboard */; };
		EF1595A91F24FED100216321 /* Assets.xcassets in Resources */ = {isa = PBXBuildFile; fileRef = EF1595A81F24FED100216321 /* Assets.xcassets */; };
		EF1595AC1F24FED100216321 /* LaunchScreen.storyboard in Resources */ = {isa = PBXBuildFile; fileRef = EF1595AA1F24FED100216321 /* LaunchScreen.storyboard */; };
		EF1595B81F2506CA00216321 /* NavigationController.swift in Sources */ = {isa = PBXBuildFile; fileRef = EF1595B71F2506CA00216321 /* NavigationController.swift */; };
		EF15D6901F2547DD00D841C7 /* SurveyQuestionViewController.swift in Sources */ = {isa = PBXBuildFile; fileRef = EF15D68F1F2547DD00D841C7 /* SurveyQuestionViewController.swift */; };
		EF15D6921F2548B800D841C7 /* SurveyPageViewController.swift in Sources */ = {isa = PBXBuildFile; fileRef = EF15D6911F2548B800D841C7 /* SurveyPageViewController.swift */; };
		EF7A78E91F2529DA0051A056 /* surveyData.json in Resources */ = {isa = PBXBuildFile; fileRef = EF7A78E81F2529DA0051A056 /* surveyData.json */; };
		EF7A78EB1F252A570051A056 /* SurveyQuestion.swift in Sources */ = {isa = PBXBuildFile; fileRef = EF7A78EA1F252A570051A056 /* SurveyQuestion.swift */; };
/* End PBXBuildFile section */

/* Begin PBXFileReference section */
		EF15959E1F24FED100216321 /* Perz.app */ = {isa = PBXFileReference; explicitFileType = wrapper.application; includeInIndex = 0; path = Perz.app; sourceTree = BUILT_PRODUCTS_DIR; };
		EF1595A11F24FED100216321 /* AppDelegate.swift */ = {isa = PBXFileReference; lastKnownFileType = sourcecode.swift; path = AppDelegate.swift; sourceTree = "<group>"; };
		EF1595A31F24FED100216321 /* ViewController.swift */ = {isa = PBXFileReference; lastKnownFileType = sourcecode.swift; path = ViewController.swift; sourceTree = "<group>"; };
		EF1595A61F24FED100216321 /* Base */ = {isa = PBXFileReference; lastKnownFileType = file.storyboard; name = Base; path = Base.lproj/Main.storyboard; sourceTree = "<group>"; };
		EF1595A81F24FED100216321 /* Assets.xcassets */ = {isa = PBXFileReference; lastKnownFileType = folder.assetcatalog; path = Assets.xcassets; sourceTree = "<group>"; };
		EF1595AB1F24FED100216321 /* Base */ = {isa = PBXFileReference; lastKnownFileType = file.storyboard; name = Base; path = Base.lproj/LaunchScreen.storyboard; sourceTree = "<group>"; };
		EF1595AD1F24FED100216321 /* Info.plist */ = {isa = PBXFileReference; lastKnownFileType = text.plist.xml; path = Info.plist; sourceTree = "<group>"; };
		EF1595B71F2506CA00216321 /* NavigationController.swift */ = {isa = PBXFileReference; fileEncoding = 4; lastKnownFileType = sourcecode.swift; path = NavigationController.swift; sourceTree = "<group>"; };
		EF15D68F1F2547DD00D841C7 /* SurveyQuestionViewController.swift */ = {isa = PBXFileReference; fileEncoding = 4; lastKnownFileType = sourcecode.swift; path = SurveyQuestionViewController.swift; sourceTree = "<group>"; };
		EF15D6911F2548B800D841C7 /* SurveyPageViewController.swift */ = {isa = PBXFileReference; fileEncoding = 4; lastKnownFileType = sourcecode.swift; path = SurveyPageViewController.swift; sourceTree = "<group>"; };
		EF7A78E81F2529DA0051A056 /* surveyData.json */ = {isa = PBXFileReference; fileEncoding = 4; lastKnownFileType = text.json; path = surveyData.json; sourceTree = "<group>"; };
		EF7A78EA1F252A570051A056 /* SurveyQuestion.swift */ = {isa = PBXFileReference; fileEncoding = 4; lastKnownFileType = sourcecode.swift; path = SurveyQuestion.swift; sourceTree = "<group>"; };
/* End PBXFileReference section */

/* Begin PBXFrameworksBuildPhase section */
		EF15959B1F24FED100216321 /* Frameworks */ = {
			isa = PBXFrameworksBuildPhase;
			buildActionMask = 2147483647;
			files = (
			);
			runOnlyForDeploymentPostprocessing = 0;
		};
/* End PBXFrameworksBuildPhase section */

/* Begin PBXGroup section */
		EF1595951F24FED100216321 = {
			isa = PBXGroup;
			children = (
				EF1595A01F24FED100216321 /* Perz */,
				EF15959F1F24FED100216321 /* Products */,
			);
			sourceTree = "<group>";
		};
		EF15959F1F24FED100216321 /* Products */ = {
			isa = PBXGroup;
			children = (
				EF15959E1F24FED100216321 /* Perz.app */,
			);
			name = Products;
			sourceTree = "<group>";
		};
		EF1595A01F24FED100216321 /* Perz */ = {
			isa = PBXGroup;
			children = (
				EF1595A11F24FED100216321 /* AppDelegate.swift */,
				EF1595A31F24FED100216321 /* ViewController.swift */,
				EF15D6911F2548B800D841C7 /* SurveyPageViewController.swift */,
				EF15D68F1F2547DD00D841C7 /* SurveyQuestionViewController.swift */,
				EF1595A51F24FED100216321 /* Main.storyboard */,
				EF1595A81F24FED100216321 /* Assets.xcassets */,
				EF1595AA1F24FED100216321 /* LaunchScreen.storyboard */,
				EF1595B71F2506CA00216321 /* NavigationController.swift */,
				EF7A78E81F2529DA0051A056 /* surveyData.json */,
				EF7A78EA1F252A570051A056 /* SurveyQuestion.swift */,
				EF1595AD1F24FED100216321 /* Info.plist */,
			);
			path = Perz;
			sourceTree = "<group>";
		};
/* End PBXGroup section */

/* Begin PBXNativeTarget section */
		EF15959D1F24FED100216321 /* Perz */ = {
			isa = PBXNativeTarget;
			buildConfigurationList = EF1595B01F24FED100216321 /* Build configuration list for PBXNativeTarget "Perz" */;
			buildPhases = (
				EF15959A1F24FED100216321 /* Sources */,
				EF15959B1F24FED100216321 /* Frameworks */,
				EF15959C1F24FED100216321 /* Resources */,
			);
			buildRules = (
			);
			dependencies = (
			);
			name = Perz;
			productName = Perz;
			productReference = EF15959E1F24FED100216321 /* Perz.app */;
			productType = "com.apple.product-type.application";
		};
/* End PBXNativeTarget section */

/* Begin PBXProject section */
		EF1595961F24FED100216321 /* Project object */ = {
			isa = PBXProject;
			attributes = {
				LastSwiftUpdateCheck = 0830;
				LastUpgradeCheck = 0830;
				ORGANIZATIONNAME = "Shandy Sulen";
				TargetAttributes = {
					EF15959D1F24FED100216321 = {
						CreatedOnToolsVersion = 8.3.3;
						ProvisioningStyle = Automatic;
					};
				};
			};
			buildConfigurationList = EF1595991F24FED100216321 /* Build configuration list for PBXProject "Perz" */;
			compatibilityVersion = "Xcode 3.2";
			developmentRegion = English;
			hasScannedForEncodings = 0;
			knownRegions = (
				en,
				Base,
			);
			mainGroup = EF1595951F24FED100216321;
			productRefGroup = EF15959F1F24FED100216321 /* Products */;
			projectDirPath = "";
			projectRoot = "";
			targets = (
				EF15959D1F24FED100216321 /* Perz */,
			);
		};
/* End PBXProject section */

/* Begin PBXResourcesBuildPhase section */
		EF15959C1F24FED100216321 /* Resources */ = {
			isa = PBXResourcesBuildPhase;
			buildActionMask = 2147483647;
			files = (
				EF1595AC1F24FED100216321 /* LaunchScreen.storyboard in Resources */,
				EF1595A91F24FED100216321 /* Assets.xcassets in Resources */,
				EF1595A71F24FED100216321 /* Main.storyboard in Resources */,
				EF7A78E91F2529DA0051A056 /* surveyData.json in Resources */,
			);
			runOnlyForDeploymentPostprocessing = 0;
		};
/* End PBXResourcesBuildPhase section */

/* Begin PBXSourcesBuildPhase section */
		EF15959A1F24FED100216321 /* Sources */ = {
			isa = PBXSourcesBuildPhase;
			buildActionMask = 2147483647;
			files = (
				EF1595A41F24FED100216321 /* ViewController.swift in Sources */,
				EF7A78EB1F252A570051A056 /* SurveyQuestion.swift in Sources */,
				EF1595B81F2506CA00216321 /* NavigationController.swift in Sources */,
				EF15D6921F2548B800D841C7 /* SurveyPageViewController.swift in Sources */,
				EF15D6901F2547DD00D841C7 /* SurveyQuestionViewController.swift in Sources */,
				EF1595A21F24FED100216321 /* AppDelegate.swift in Sources */,
			);
			runOnlyForDeploymentPostprocessing = 0;
		};
/* End PBXSourcesBuildPhase section */

/* Begin PBXVariantGroup section */
		EF1595A51F24FED100216321 /* Main.storyboard */ = {
			isa = PBXVariantGroup;
			children = (
				EF1595A61F24FED100216321 /* Base */,
			);
			name = Main.storyboard;
			sourceTree = "<group>";
		};
		EF1595AA1F24FED100216321 /* LaunchScreen.storyboard */ = {
			isa = PBXVariantGroup;
			children = (
				EF1595AB1F24FED100216321 /* Base */,
			);
			name = LaunchScreen.storyboard;
			sourceTree = "<group>";
		};
/* End PBXVariantGroup section */

/* Begin XCBuildConfiguration section */
		EF1595AE1F24FED100216321 /* Debug */ = {
			isa = XCBuildConfiguration;
			buildSettings = {
				ALWAYS_SEARCH_USER_PATHS = NO;
				CLANG_ANALYZER_NONNULL = YES;
				CLANG_ANALYZER_NUMBER_OBJECT_CONVERSION = YES_AGGRESSIVE;
				CLANG_CXX_LANGUAGE_STANDARD = "gnu++0x";
				CLANG_CXX_LIBRARY = "libc++";
				CLANG_ENABLE_MODULES = YES;
				CLANG_ENABLE_OBJC_ARC = YES;
				CLANG_WARN_BOOL_CONVERSION = YES;
				CLANG_WARN_CONSTANT_CONVERSION = YES;
				CLANG_WARN_DIRECT_OBJC_ISA_USAGE = YES_ERROR;
				CLANG_WARN_DOCUMENTATION_COMMENTS = YES;
				CLANG_WARN_EMPTY_BODY = YES;
				CLANG_WARN_ENUM_CONVERSION = YES;
				CLANG_WARN_INFINITE_RECURSION = YES;
				CLANG_WARN_INT_CONVERSION = YES;
				CLANG_WARN_OBJC_ROOT_CLASS = YES_ERROR;
				CLANG_WARN_SUSPICIOUS_MOVE = YES;
				CLANG_WARN_UNREACHABLE_CODE = YES;
				CLANG_WARN__DUPLICATE_METHOD_MATCH = YES;
				"CODE_SIGN_IDENTITY[sdk=iphoneos*]" = "iPhone Developer";
				COPY_PHASE_STRIP = NO;
				DEBUG_INFORMATION_FORMAT = dwarf;
				ENABLE_STRICT_OBJC_MSGSEND = YES;
				ENABLE_TESTABILITY = YES;
				GCC_C_LANGUAGE_STANDARD = gnu99;
				GCC_DYNAMIC_NO_PIC = NO;
				GCC_NO_COMMON_BLOCKS = YES;
				GCC_OPTIMIZATION_LEVEL = 0;
				GCC_PREPROCESSOR_DEFINITIONS = (
					"DEBUG=1",
					"$(inherited)",
				);
				GCC_WARN_64_TO_32_BIT_CONVERSION = YES;
				GCC_WARN_ABOUT_RETURN_TYPE = YES_ERROR;
				GCC_WARN_UNDECLARED_SELECTOR = YES;
				GCC_WARN_UNINITIALIZED_AUTOS = YES_AGGRESSIVE;
				GCC_WARN_UNUSED_FUNCTION = YES;
				GCC_WARN_UNUSED_VARIABLE = YES;
				IPHONEOS_DEPLOYMENT_TARGET = 10.3;
				MTL_ENABLE_DEBUG_INFO = YES;
				ONLY_ACTIVE_ARCH = YES;
				SDKROOT = iphoneos;
				SWIFT_ACTIVE_COMPILATION_CONDITIONS = DEBUG;
				SWIFT_OPTIMIZATION_LEVEL = "-Onone";
				TARGETED_DEVICE_FAMILY = "1,2";
			};
			name = Debug;
		};
		EF1595AF1F24FED100216321 /* Release */ = {
			isa = XCBuildConfiguration;
			buildSettings = {
				ALWAYS_SEARCH_USER_PATHS = NO;
				CLANG_ANALYZER_NONNULL = YES;
				CLANG_ANALYZER_NUMBER_OBJECT_CONVERSION = YES_AGGRESSIVE;
				CLANG_CXX_LANGUAGE_STANDARD = "gnu++0x";
				CLANG_CXX_LIBRARY = "libc++";
				CLANG_ENABLE_MODULES = YES;
				CLANG_ENABLE_OBJC_ARC = YES;
				CLANG_WARN_BOOL_CONVERSION = YES;
				CLANG_WARN_CONSTANT_CONVERSION = YES;
				CLANG_WARN_DIRECT_OBJC_ISA_USAGE = YES_ERROR;
				CLANG_WARN_DOCUMENTATION_COMMENTS = YES;
				CLANG_WARN_EMPTY_BODY = YES;
				CLANG_WARN_ENUM_CONVERSION = YES;
				CLANG_WARN_INFINITE_RECURSION = YES;
				CLANG_WARN_INT_CONVERSION = YES;
				CLANG_WARN_OBJC_ROOT_CLASS = YES_ERROR;
				CLANG_WARN_SUSPICIOUS_MOVE = YES;
				CLANG_WARN_UNREACHABLE_CODE = YES;
				CLANG_WARN__DUPLICATE_METHOD_MATCH = YES;
				"CODE_SIGN_IDENTITY[sdk=iphoneos*]" = "iPhone Developer";
				COPY_PHASE_STRIP = NO;
				DEBUG_INFORMATION_FORMAT = "dwarf-with-dsym";
				ENABLE_NS_ASSERTIONS = NO;
				ENABLE_STRICT_OBJC_MSGSEND = YES;
				GCC_C_LANGUAGE_STANDARD = gnu99;
				GCC_NO_COMMON_BLOCKS = YES;
				GCC_WARN_64_TO_32_BIT_CONVERSION = YES;
				GCC_WARN_ABOUT_RETURN_TYPE = YES_ERROR;
				GCC_WARN_UNDECLARED_SELECTOR = YES;
				GCC_WARN_UNINITIALIZED_AUTOS = YES_AGGRESSIVE;
				GCC_WARN_UNUSED_FUNCTION = YES;
				GCC_WARN_UNUSED_VARIABLE = YES;
				IPHONEOS_DEPLOYMENT_TARGET = 10.3;
				MTL_ENABLE_DEBUG_INFO = NO;
				SDKROOT = iphoneos;
				SWIFT_OPTIMIZATION_LEVEL = "-Owholemodule";
				TARGETED_DEVICE_FAMILY = "1,2";
				VALIDATE_PRODUCT = YES;
			};
			name = Release;
		};
		EF1595B11F24FED100216321 /* Debug */ = {
			isa = XCBuildConfiguration;
			buildSettings = {
				ASSETCATALOG_COMPILER_APPICON_NAME = AppIcon;
				INFOPLIST_FILE = Perz/Info.plist;
				LD_RUNPATH_SEARCH_PATHS = "$(inherited) @executable_path/Frameworks";
				PRODUCT_BUNDLE_IDENTIFIER = com.ShandySulen.Perz;
				PRODUCT_NAME = "$(TARGET_NAME)";
				SWIFT_VERSION = 3.0;
			};
			name = Debug;
		};
		EF1595B21F24FED100216321 /* Release */ = {
			isa = XCBuildConfiguration;
			buildSettings = {
				ASSETCATALOG_COMPILER_APPICON_NAME = AppIcon;
				INFOPLIST_FILE = Perz/Info.plist;
				LD_RUNPATH_SEARCH_PATHS = "$(inherited) @executable_path/Frameworks";
				PRODUCT_BUNDLE_IDENTIFIER = com.ShandySulen.Perz;
				PRODUCT_NAME = "$(TARGET_NAME)";
				SWIFT_VERSION = 3.0;
			};
			name = Release;
		};
/* End XCBuildConfiguration section */

/* Begin XCConfigurationList section */
		EF1595991F24FED100216321 /* Build configuration list for PBXProject "Perz" */ = {
			isa = XCConfigurationList;
			buildConfigurations = (
				EF1595AE1F24FED100216321 /* Debug */,
				EF1595AF1F24FED100216321 /* Release */,
			);
			defaultConfigurationIsVisible = 0;
			defaultConfigurationName = Release;
		};
		EF1595B01F24FED100216321 /* Build configuration list for PBXNativeTarget "Perz" */ = {
			isa = XCConfigurationList;
			buildConfigurations = (
				EF1595B11F24FED100216321 /* Debug */,
				EF1595B21F24FED100216321 /* Release */,
			);
			defaultConfigurationIsVisible = 0;
			defaultConfigurationName = Release;
		};
/* End XCConfigurationList section */
	};
	rootObject = EF1595961F24FED100216321 /* Project object */;
}
